
Microsoft Visual Studio Solution File, Format Version 12.00
# Visual Studio Version 17
VisualStudioVersion = 17.1.32228.430
MinimumVisualStudioVersion = 10.0.40219.1
Project("{9A19103F-16F7-4668-BE54-9A1E7A4F7556}") = "SvoyaIgra.Dal", "SvoyaIgra.Dal\SvoyaIgra.Dal.csproj", "{1A89FAF0-274B-47C9-9C5A-137ED02A2CE6}"
EndProject
Project("{9A19103F-16F7-4668-BE54-9A1E7A4F7556}") = "SvoyaIgra.Shared", "SvoyaIgra.Shared\SvoyaIgra.Shared.csproj", "{EF9FF427-2855-4C21-831B-D2486D431DF5}"
EndProject
Project("{9A19103F-16F7-4668-BE54-9A1E7A4F7556}") = "SvoyaIgra.DbMigrations", "SvoyaIgra.DbMigrations\SvoyaIgra.DbMigrations.csproj", "{AF6F1125-B310-431C-9749-F52966CB7393}"
EndProject
Project("{2150E333-8FDC-42A3-9474-1A3956D46DE8}") = "Test", "Test", "{CFE1024D-739B-40D7-B32D-DA9E7ECD3D2E}"
EndProject
Project("{9A19103F-16F7-4668-BE54-9A1E7A4F7556}") = "SvoyaIgra.TestClient", "SvoyaIgra.TestClient\SvoyaIgra.TestClient.csproj", "{64DDFE0C-AEE5-4876-B886-F6B3DC810E40}"
EndProject
Project("{9A19103F-16F7-4668-BE54-9A1E7A4F7556}") = "SvoyaIgra.ImportCSV", "SvoyaIgra.ImportCSV\SvoyaIgra.ImportCSV.csproj", "{04C9F9B1-FA08-469C-A5A6-2DFE763FBA50}"
EndProject
Project("{9A19103F-16F7-4668-BE54-9A1E7A4F7556}") = "SvoyaIgra.WebSocketProvider", "SvoyaIgra.WebSocketProvider\SvoyaIgra.WebSocketProvider.csproj", "{A6162745-90DB-4CA6-93DB-40E5736B98AB}"
EndProject
Project("{9A19103F-16F7-4668-BE54-9A1E7A4F7556}") = "SvoyaIgra.Btn.WSTestServer", "SvoyaIgra.Btn.WSTestServer\SvoyaIgra.Btn.WSTestServer.csproj", "{CC4D3136-AD0F-477C-A39A-C2F19D7AE3C9}"
EndProject
Project("{9A19103F-16F7-4668-BE54-9A1E7A4F7556}") = "SvoyaIgra.Btn.WSTestClient", "SvoyaIgra.Btn.WSTestClient\SvoyaIgra.Btn.WSTestClient.csproj", "{03365EEC-CAEB-415F-A799-BEE2B7749970}"
EndProject
Project("{9A19103F-16F7-4668-BE54-9A1E7A4F7556}") = "SvoyaIgra.Game", "SvoyaIgra.Game\SvoyaIgra.Game.csproj", "{5C9F3EE7-3E6B-4B48-B012-D066A9E6DE7E}"
EndProject
Project("{9A19103F-16F7-4668-BE54-9A1E7A4F7556}") = "SvoyaIgra.Btn.ButtonClient", "SvoyaIgra.Btn.ButtonClient\SvoyaIgra.Btn.ButtonClient.csproj", "{18C35C5D-75B7-4095-A081-676312C4C498}"
EndProject
Project("{9A19103F-16F7-4668-BE54-9A1E7A4F7556}") = "SvoyaIgra.MultimediaProvider", "SvoyaIgra.MultimediaProvider\SvoyaIgra.MultimediaProvider.csproj", "{2A64FE9F-BF0A-475A-83F5-5460E3AEF948}"
EndProject
Project("{9A19103F-16F7-4668-BE54-9A1E7A4F7556}") = "SvoyaIgra.MultimediaViewer", "SvoyaIgra.MultimediaViewer\SvoyaIgra.MultimediaViewer.csproj", "{9C4F28A9-0D2C-4B7B-ACFB-5ED6A2558123}"
EndProject
Global
	GlobalSection(SolutionConfigurationPlatforms) = preSolution
		Debug|Any CPU = Debug|Any CPU
		Release|Any CPU = Release|Any CPU
	EndGlobalSection
	GlobalSection(ProjectConfigurationPlatforms) = postSolution
		{1A89FAF0-274B-47C9-9C5A-137ED02A2CE6}.Debug|Any CPU.ActiveCfg = Debug|Any CPU
		{1A89FAF0-274B-47C9-9C5A-137ED02A2CE6}.Debug|Any CPU.Build.0 = Debug|Any CPU
		{1A89FAF0-274B-47C9-9C5A-137ED02A2CE6}.Release|Any CPU.ActiveCfg = Release|Any CPU
		{1A89FAF0-274B-47C9-9C5A-137ED02A2CE6}.Release|Any CPU.Build.0 = Release|Any CPU
		{EF9FF427-2855-4C21-831B-D2486D431DF5}.Debug|Any CPU.ActiveCfg = Debug|Any CPU
		{EF9FF427-2855-4C21-831B-D2486D431DF5}.Debug|Any CPU.Build.0 = Debug|Any CPU
		{EF9FF427-2855-4C21-831B-D2486D431DF5}.Release|Any CPU.ActiveCfg = Release|Any CPU
		{EF9FF427-2855-4C21-831B-D2486D431DF5}.Release|Any CPU.Build.0 = Release|Any CPU
		{AF6F1125-B310-431C-9749-F52966CB7393}.Debug|Any CPU.ActiveCfg = Debug|Any CPU
		{AF6F1125-B310-431C-9749-F52966CB7393}.Debug|Any CPU.Build.0 = Debug|Any CPU
		{AF6F1125-B310-431C-9749-F52966CB7393}.Release|Any CPU.ActiveCfg = Release|Any CPU
		{AF6F1125-B310-431C-9749-F52966CB7393}.Release|Any CPU.Build.0 = Release|Any CPU
		{64DDFE0C-AEE5-4876-B886-F6B3DC810E40}.Debug|Any CPU.ActiveCfg = Debug|Any CPU
		{64DDFE0C-AEE5-4876-B886-F6B3DC810E40}.Debug|Any CPU.Build.0 = Debug|Any CPU
		{64DDFE0C-AEE5-4876-B886-F6B3DC810E40}.Release|Any CPU.ActiveCfg = Release|Any CPU
		{64DDFE0C-AEE5-4876-B886-F6B3DC810E40}.Release|Any CPU.Build.0 = Release|Any CPU
		{04C9F9B1-FA08-469C-A5A6-2DFE763FBA50}.Debug|Any CPU.ActiveCfg = Debug|Any CPU
		{04C9F9B1-FA08-469C-A5A6-2DFE763FBA50}.Debug|Any CPU.Build.0 = Debug|Any CPU
		{04C9F9B1-FA08-469C-A5A6-2DFE763FBA50}.Release|Any CPU.ActiveCfg = Release|Any CPU
		{04C9F9B1-FA08-469C-A5A6-2DFE763FBA50}.Release|Any CPU.Build.0 = Release|Any CPU
		{A6162745-90DB-4CA6-93DB-40E5736B98AB}.Debug|Any CPU.ActiveCfg = Debug|Any CPU
		{A6162745-90DB-4CA6-93DB-40E5736B98AB}.Debug|Any CPU.Build.0 = Debug|Any CPU
		{A6162745-90DB-4CA6-93DB-40E5736B98AB}.Release|Any CPU.ActiveCfg = Release|Any CPU
		{A6162745-90DB-4CA6-93DB-40E5736B98AB}.Release|Any CPU.Build.0 = Release|Any CPU
		{CC4D3136-AD0F-477C-A39A-C2F19D7AE3C9}.Debug|Any CPU.ActiveCfg = Debug|Any CPU
		{CC4D3136-AD0F-477C-A39A-C2F19D7AE3C9}.Debug|Any CPU.Build.0 = Debug|Any CPU
		{CC4D3136-AD0F-477C-A39A-C2F19D7AE3C9}.Release|Any CPU.ActiveCfg = Release|Any CPU
		{CC4D3136-AD0F-477C-A39A-C2F19D7AE3C9}.Release|Any CPU.Build.0 = Release|Any CPU
		{03365EEC-CAEB-415F-A799-BEE2B7749970}.Debug|Any CPU.ActiveCfg = Debug|Any CPU
		{03365EEC-CAEB-415F-A799-BEE2B7749970}.Debug|Any CPU.Build.0 = Debug|Any CPU
		{03365EEC-CAEB-415F-A799-BEE2B7749970}.Release|Any CPU.ActiveCfg = Release|Any CPU
		{03365EEC-CAEB-415F-A799-BEE2B7749970}.Release|Any CPU.Build.0 = Release|Any CPU
		{5C9F3EE7-3E6B-4B48-B012-D066A9E6DE7E}.Debug|Any CPU.ActiveCfg = Debug|Any CPU
		{5C9F3EE7-3E6B-4B48-B012-D066A9E6DE7E}.Debug|Any CPU.Build.0 = Debug|Any CPU
		{5C9F3EE7-3E6B-4B48-B012-D066A9E6DE7E}.Release|Any CPU.ActiveCfg = Release|Any CPU
		{5C9F3EE7-3E6B-4B48-B012-D066A9E6DE7E}.Release|Any CPU.Build.0 = Release|Any CPU
		{18C35C5D-75B7-4095-A081-676312C4C498}.Debug|Any CPU.ActiveCfg = Debug|Any CPU
		{18C35C5D-75B7-4095-A081-676312C4C498}.Debug|Any CPU.Build.0 = Debug|Any CPU
		{18C35C5D-75B7-4095-A081-676312C4C498}.Release|Any CPU.ActiveCfg = Release|Any CPU
		{18C35C5D-75B7-4095-A081-676312C4C498}.Release|Any CPU.Build.0 = Release|Any CPU
		{2A64FE9F-BF0A-475A-83F5-5460E3AEF948}.Debug|Any CPU.ActiveCfg = Debug|Any CPU
		{2A64FE9F-BF0A-475A-83F5-5460E3AEF948}.Debug|Any CPU.Build.0 = Debug|Any CPU
		{2A64FE9F-BF0A-475A-83F5-5460E3AEF948}.Release|Any CPU.ActiveCfg = Release|Any CPU
		{2A64FE9F-BF0A-475A-83F5-5460E3AEF948}.Release|Any CPU.Build.0 = Release|Any CPU
		{9C4F28A9-0D2C-4B7B-ACFB-5ED6A2558123}.Debug|Any CPU.ActiveCfg = Debug|Any CPU
		{9C4F28A9-0D2C-4B7B-ACFB-5ED6A2558123}.Debug|Any CPU.Build.0 = Debug|Any CPU
		{9C4F28A9-0D2C-4B7B-ACFB-5ED6A2558123}.Release|Any CPU.ActiveCfg = Release|Any CPU
		{9C4F28A9-0D2C-4B7B-ACFB-5ED6A2558123}.Release|Any CPU.Build.0 = Release|Any CPU
	EndGlobalSection
	GlobalSection(SolutionProperties) = preSolution
		HideSolutionNode = FALSE
	EndGlobalSection
	GlobalSection(NestedProjects) = preSolution
		{64DDFE0C-AEE5-4876-B886-F6B3DC810E40} = {CFE1024D-739B-40D7-B32D-DA9E7ECD3D2E}
		{CC4D3136-AD0F-477C-A39A-C2F19D7AE3C9} = {CFE1024D-739B-40D7-B32D-DA9E7ECD3D2E}
		{03365EEC-CAEB-415F-A799-BEE2B7749970} = {CFE1024D-739B-40D7-B32D-DA9E7ECD3D2E}
		{18C35C5D-75B7-4095-A081-676312C4C498} = {CFE1024D-739B-40D7-B32D-DA9E7ECD3D2E}
		{9C4F28A9-0D2C-4B7B-ACFB-5ED6A2558123} = {CFE1024D-739B-40D7-B32D-DA9E7ECD3D2E}
	EndGlobalSection
	GlobalSection(ExtensibilityGlobals) = postSolution
		SolutionGuid = {345BEA43-5C4A-4720-9A0F-886F36BDD4A7}
	EndGlobalSection
EndGlobal
